
Microsoft Visual Studio Solution File, Format Version 12.00
# Visual Studio Version 17
VisualStudioVersion = 17.3.32901.215
MinimumVisualStudioVersion = 10.0.40219.1
Project("{FAE04EC0-301F-11D3-BF4B-00C04F79EFBC}") = "Lab8", "Lab8\Lab8.csproj", "{0E22B398-D019-4E1D-BDD9-D7D95830874A}"
EndProject
Global
	GlobalSection(SolutionConfigurationPlatforms) = preSolution
		Debug|Any CPU = Debug|Any CPU
		Release|Any CPU = Release|Any CPU
	EndGlobalSection
	GlobalSection(ProjectConfigurationPlatforms) = postSolution
		{0E22B398-D019-4E1D-BDD9-D7D95830874A}.Debug|Any CPU.ActiveCfg = Debug|Any CPU
		{0E22B398-D019-4E1D-BDD9-D7D95830874A}.Debug|Any CPU.Build.0 = Debug|Any CPU
		{0E22B398-D019-4E1D-BDD9-D7D95830874A}.Release|Any CPU.ActiveCfg = Release|Any CPU
		{0E22B398-D019-4E1D-BDD9-D7D95830874A}.Release|Any CPU.Build.0 = Release|Any CPU
	EndGlobalSection
	GlobalSection(SolutionProperties) = preSolution
		HideSolutionNode = FALSE
	EndGlobalSection
	GlobalSection(ExtensibilityGlobals) = postSolution
		SolutionGuid = {A316A802-A468-4EE9-B522-1BC00DEDC6BF}
	EndGlobalSection
EndGlobal
